
Microsoft Visual Studio Solution File, Format Version 12.00
# Visual Studio Version 17
VisualStudioVersion = 17.2.32616.157
MinimumVisualStudioVersion = 10.0.40219.1
Project("{FAE04EC0-301F-11D3-BF4B-00C04F79EFBC}") = "Canil_do_Eduardo", "Canil_do_Eduardo\Canil_do_Eduardo.csproj", "{0987B79D-092B-4444-8E79-C8D676456BC1}"
EndProject
Global
	GlobalSection(SolutionConfigurationPlatforms) = preSolution
		Debug|Any CPU = Debug|Any CPU
		Release|Any CPU = Release|Any CPU
	EndGlobalSection
	GlobalSection(ProjectConfigurationPlatforms) = postSolution
		{0987B79D-092B-4444-8E79-C8D676456BC1}.Debug|Any CPU.ActiveCfg = Debug|Any CPU
		{0987B79D-092B-4444-8E79-C8D676456BC1}.Debug|Any CPU.Build.0 = Debug|Any CPU
		{0987B79D-092B-4444-8E79-C8D676456BC1}.Release|Any CPU.ActiveCfg = Release|Any CPU
		{0987B79D-092B-4444-8E79-C8D676456BC1}.Release|Any CPU.Build.0 = Release|Any CPU
	EndGlobalSection
	GlobalSection(SolutionProperties) = preSolution
		HideSolutionNode = FALSE
	EndGlobalSection
	GlobalSection(ExtensibilityGlobals) = postSolution
		SolutionGuid = {D8764AD5-8D5C-4D1D-AEDB-F1692FDA3F10}
	EndGlobalSection
EndGlobal
